// !$*UTF8*$!
{
	archiveVersion = 1;
	classes = {
	};
	objectVersion = 46;
	objects = {

/* Begin PBXBuildFile section */
		A3438D5A1C8532BD00482964 /* AppDelegate.swift in Sources */ = {isa = PBXBuildFile; fileRef = A3438D591C8532BD00482964 /* AppDelegate.swift */; };
		A3438D5C1C8532BD00482964 /* ViewController.swift in Sources */ = {isa = PBXBuildFile; fileRef = A3438D5B1C8532BD00482964 /* ViewController.swift */; };
		A3438D5F1C8532BD00482964 /* Main.storyboard in Resources */ = {isa = PBXBuildFile; fileRef = A3438D5D1C8532BD00482964 /* Main.storyboard */; };
		A3438D611C8532BD00482964 /* Assets.xcassets in Resources */ = {isa = PBXBuildFile; fileRef = A3438D601C8532BD00482964 /* Assets.xcassets */; };
		A3438D641C8532BD00482964 /* LaunchScreen.storyboard in Resources */ = {isa = PBXBuildFile; fileRef = A3438D621C8532BD00482964 /* LaunchScreen.storyboard */; };
/* End PBXBuildFile section */

/* Begin PBXFileReference section */
		A3438D561C8532BD00482964 /* testtruncation.app */ = {isa = PBXFileReference; explicitFileType = wrapper.application; includeInIndex = 0; path = testtruncation.app; sourceTree = BUILT_PRODUCTS_DIR; };
		A3438D591C8532BD00482964 /* AppDelegate.swift */ = {isa = PBXFileReference; lastKnownFileType = sourcecode.swift; path = AppDelegate.swift; sourceTree = "<group>"; };
		A3438D5B1C8532BD00482964 /* ViewController.swift */ = {isa = PBXFileReference; lastKnownFileType = sourcecode.swift; path = ViewController.swift; sourceTree = "<group>"; };
		A3438D5E1C8532BD00482964 /* Base */ = {isa = PBXFileReference; lastKnownFileType = file.storyboard; name = Base; path = Base.lproj/Main.storyboard; sourceTree = "<group>"; };
		A3438D601C8532BD00482964 /* Assets.xcassets */ = {isa = PBXFileReference; lastKnownFileType = folder.assetcatalog; path = Assets.xcassets; sourceTree = "<group>"; };
		A3438D631C8532BD00482964 /* Base */ = {isa = PBXFileReference; lastKnownFileType = file.storyboard; name = Base; path = Base.lproj/LaunchScreen.storyboard; sourceTree = "<group>"; };
		A3438D651C8532BD00482964 /* Info.plist */ = {isa = PBXFileReference; lastKnownFileType = text.plist.xml; path = Info.plist; sourceTree = "<group>"; };
/* End PBXFileReference section */

/* Begin PBXFrameworksBuildPhase section */
		A3438D531C8532BD00482964 /* Frameworks */ = {
			isa = PBXFrameworksBuildPhase;
			buildActionMask = 2147483647;
			files = (
			);
			runOnlyForDeploymentPostprocessing = 0;
		};
/* End PBXFrameworksBuildPhase section */

/* Begin PBXGroup section */
		A3438D4D1C8532BD00482964 = {
			isa = PBXGroup;
			children = (
				A3438D581C8532BD00482964 /* testtruncation */,
				A3438D571C8532BD00482964 /* Products */,
			);
			sourceTree = "<group>";
		};
		A3438D571C8532BD00482964 /* Products */ = {
			isa = PBXGroup;
			children = (
				A3438D561C8532BD00482964 /* testtruncation.app */,
			);
			name = Products;
			sourceTree = "<group>";
		};
		A3438D581C8532BD00482964 /* testtruncation */ = {
			isa = PBXGroup;
			children = (
				A3438D591C8532BD00482964 /* AppDelegate.swift */,
				A3438D5B1C8532BD00482964 /* ViewController.swift */,
				A3438D5D1C8532BD00482964 /* Main.storyboard */,
				A3438D601C8532BD00482964 /* Assets.xcassets */,
				A3438D621C8532BD00482964 /* LaunchScreen.storyboard */,
				A3438D651C8532BD00482964 /* Info.plist */,
			);
			path = testtruncation;
			sourceTree = "<group>";
		};
/* End PBXGroup section */

/* Begin PBXNativeTarget section */
		A3438D551C8532BD00482964 /* testtruncation */ = {
			isa = PBXNativeTarget;
			buildConfigurationList = A3438D681C8532BD00482964 /* Build configuration list for PBXNativeTarget "testtruncation" */;
			buildPhases = (
				A3438D521C8532BD00482964 /* Sources */,
				A3438D531C8532BD00482964 /* Frameworks */,
				A3438D541C8532BD00482964 /* Resources */,
			);
			buildRules = (
			);
			dependencies = (
			);
			name = testtruncation;
			productName = testtruncation;
			productReference = A3438D561C8532BD00482964 /* testtruncation.app */;
			productType = "com.apple.product-type.application";
		};
/* End PBXNativeTarget section */

/* Begin PBXProject section */
		A3438D4E1C8532BD00482964 /* Project object */ = {
			isa = PBXProject;
			attributes = {
				LastSwiftUpdateCheck = 0720;
				LastUpgradeCheck = 0720;
				ORGANIZATIONNAME = Ruguo;
				TargetAttributes = {
					A3438D551C8532BD00482964 = {
						CreatedOnToolsVersion = 7.2;
					};
				};
			};
			buildConfigurationList = A3438D511C8532BD00482964 /* Build configuration list for PBXProject "testtruncation" */;
			compatibilityVersion = "Xcode 3.2";
			developmentRegion = English;
			hasScannedForEncodings = 0;
			knownRegions = (
				en,
				Base,
			);
			mainGroup = A3438D4D1C8532BD00482964;
			productRefGroup = A3438D571C8532BD00482964 /* Products */;
			projectDirPath = "";
			projectRoot = "";
			targets = (
				A3438D551C8532BD00482964 /* testtruncation */,
			);
		};
/* End PBXProject section */

/* Begin PBXResourcesBuildPhase section */
		A3438D541C8532BD00482964 /* Resources */ = {
			isa = PBXResourcesBuildPhase;
			buildActionMask = 2147483647;
			files = (
				A3438D641C8532BD00482964 /* LaunchScreen.storyboard in Resources */,
				A3438D611C8532BD00482964 /* Assets.xcassets in Resources */,
				A3438D5F1C8532BD00482964 /* Main.storyboard in Resources */,
			);
			runOnlyForDeploymentPostprocessing = 0;
		};
/* End PBXResourcesBuildPhase section */

/* Begin PBXSourcesBuildPhase section */
		A3438D521C8532BD00482964 /* Sources */ = {
			isa = PBXSourcesBuildPhase;
			buildActionMask = 2147483647;
			files = (
				A3438D5C1C8532BD00482964 /* ViewController.swift in Sources */,
				A3438D5A1C8532BD00482964 /* AppDelegate.swift in Sources */,
			);
			runOnlyForDeploymentPostprocessing = 0;
		};
/* End PBXSourcesBuildPhase section */

/* Begin PBXVariantGroup section */
		A3438D5D1C8532BD00482964 /* Main.storyboard */ = {
			isa = PBXVariantGroup;
			children = (
				A3438D5E1C8532BD00482964 /* Base */,
			);
			name = Main.storyboard;
			sourceTree = "<group>";
		};
		A3438D621C8532BD00482964 /* LaunchScreen.storyboard */ = {
			isa = PBXVariantGroup;
			children = (
				A3438D631C8532BD00482964 /* Base */,
			);
			name = LaunchScreen.storyboard;
			sourceTree = "<group>";
		};
/* End PBXVariantGroup section */

/* Begin XCBuildConfiguration section */
		A3438D661C8532BD00482964 /* Debug */ = {
			isa = XCBuildConfiguration;
			buildSettings = {
				ALWAYS_SEARCH_USER_PATHS = NO;
				CLANG_CXX_LANGUAGE_STANDARD = "gnu++0x";
				CLANG_CXX_LIBRARY = "libc++";
				CLANG_ENABLE_MODULES = YES;
				CLANG_ENABLE_OBJC_ARC = YES;
				CLANG_WARN_BOOL_CONVERSION = YES;
				CLANG_WARN_CONSTANT_CONVERSION = YES;
				CLANG_WARN_DIRECT_OBJC_ISA_USAGE = YES_ERROR;
				CLANG_WARN_EMPTY_BODY = YES;
				CLANG_WARN_ENUM_CONVERSION = YES;
				CLANG_WARN_INT_CONVERSION = YES;
				CLANG_WARN_OBJC_ROOT_CLASS = YES_ERROR;
				CLANG_WARN_UNREACHABLE_CODE = YES;
				CLANG_WARN__DUPLICATE_METHOD_MATCH = YES;
				"CODE_SIGN_IDENTITY[sdk=iphoneos*]" = "iPhone Developer";
				COPY_PHASE_STRIP = NO;
				DEBUG_INFORMATION_FORMAT = dwarf;
				ENABLE_STRICT_OBJC_MSGSEND = YES;
				ENABLE_TESTABILITY = YES;
				GCC_C_LANGUAGE_STANDARD = gnu99;
				GCC_DYNAMIC_NO_PIC = NO;
				GCC_NO_COMMON_BLOCKS = YES;
				GCC_OPTIMIZATION_LEVEL = 0;
				GCC_PREPROCESSOR_DEFINITIONS = (
					"DEBUG=1",
					"$(inherited)",
				);
				GCC_WARN_64_TO_32_BIT_CONVERSION = YES;
				GCC_WARN_ABOUT_RETURN_TYPE = YES_ERROR;
				GCC_WARN_UNDECLARED_SELECTOR = YES;
				GCC_WARN_UNINITIALIZED_AUTOS = YES_AGGRESSIVE;
				GCC_WARN_UNUSED_FUNCTION = YES;
				GCC_WARN_UNUSED_VARIABLE = YES;
				IPHONEOS_DEPLOYMENT_TARGET = 9.2;
				MTL_ENABLE_DEBUG_INFO = YES;
				ONLY_ACTIVE_ARCH = YES;
				SDKROOT = iphoneos;
				SWIFT_OPTIMIZATION_LEVEL = "-Onone";
				TARGETED_DEVICE_FAMILY = "1,2";
			};
			name = Debug;
		};
		A3438D671C8532BD00482964 /* Release */ = {
			isa = XCBuildConfiguration;
			buildSettings = {
				ALWAYS_SEARCH_USER_PATHS = NO;
				CLANG_CXX_LANGUAGE_STANDARD = "gnu++0x";
				CLANG_CXX_LIBRARY = "libc++";
				CLANG_ENABLE_MODULES = YES;
				CLANG_ENABLE_OBJC_ARC = YES;
				CLANG_WARN_BOOL_CONVERSION = YES;
				CLANG_WARN_CONSTANT_CONVERSION = YES;
				CLANG_WARN_DIRECT_OBJC_ISA_USAGE = YES_ERROR;
				CLANG_WARN_EMPTY_BODY = YES;
				CLANG_WARN_ENUM_CONVERSION = YES;
				CLANG_WARN_INT_CONVERSION = YES;
				CLANG_WARN_OBJC_ROOT_CLASS = YES_ERROR;
				CLANG_WARN_UNREACHABLE_CODE = YES;
				CLANG_WARN__DUPLICATE_METHOD_MATCH = YES;
				"CODE_SIGN_IDENTITY[sdk=iphoneos*]" = "iPhone Developer";
				COPY_PHASE_STRIP = NO;
				DEBUG_INFORMATION_FORMAT = "dwarf-with-dsym";
				ENABLE_NS_ASSERTIONS = NO;
				ENABLE_STRICT_OBJC_MSGSEND = YES;
				GCC_C_LANGUAGE_STANDARD = gnu99;
				GCC_NO_COMMON_BLOCKS = YES;
				GCC_WARN_64_TO_32_BIT_CONVERSION = YES;
				GCC_WARN_ABOUT_RETURN_TYPE = YES_ERROR;
				GCC_WARN_UNDECLARED_SELECTOR = YES;
				GCC_WARN_UNINITIALIZED_AUTOS = YES_AGGRESSIVE;
				GCC_WARN_UNUSED_FUNCTION = YES;
				GCC_WARN_UNUSED_VARIABLE = YES;
				IPHONEOS_DEPLOYMENT_TARGET = 9.2;
				MTL_ENABLE_DEBUG_INFO = NO;
				SDKROOT = iphoneos;
				TARGETED_DEVICE_FAMILY = "1,2";
				VALIDATE_PRODUCT = YES;
			};
			name = Release;
		};
		A3438D691C8532BD00482964 /* Debug */ = {
			isa = XCBuildConfiguration;
			buildSettings = {
				ASSETCATALOG_COMPILER_APPICON_NAME = AppIcon;
				INFOPLIST_FILE = testtruncation/Info.plist;
				LD_RUNPATH_SEARCH_PATHS = "$(inherited) @executable_path/Frameworks";
				PRODUCT_BUNDLE_IDENTIFIER = com.ruguoapp.testtruncation;
				PRODUCT_NAME = "$(TARGET_NAME)";
			};
			name = Debug;
		};
		A3438D6A1C8532BD00482964 /* Release */ = {
			isa = XCBuildConfiguration;
			buildSettings = {
				ASSETCATALOG_COMPILER_APPICON_NAME = AppIcon;
				INFOPLIST_FILE = testtruncation/Info.plist;
				LD_RUNPATH_SEARCH_PATHS = "$(inherited) @executable_path/Frameworks";
				PRODUCT_BUNDLE_IDENTIFIER = com.ruguoapp.testtruncation;
				PRODUCT_NAME = "$(TARGET_NAME)";
			};
			name = Release;
		};
/* End XCBuildConfiguration section */

/* Begin XCConfigurationList section */
		A3438D511C8532BD00482964 /* Build configuration list for PBXProject "testtruncation" */ = {
			isa = XCConfigurationList;
			buildConfigurations = (
				A3438D661C8532BD00482964 /* Debug */,
				A3438D671C8532BD00482964 /* Release */,
			);
			defaultConfigurationIsVisible = 0;
			defaultConfigurationName = Release;
		};
		A3438D681C8532BD00482964 /* Build configuration list for PBXNativeTarget "testtruncation" */ = {
			isa = XCConfigurationList;
			buildConfigurations = (
				A3438D691C8532BD00482964 /* Debug */,
				A3438D6A1C8532BD00482964 /* Release */,
			);
			defaultConfigurationIsVisible = 0;
		};
/* End XCConfigurationList section */
	};
	rootObject = A3438D4E1C8532BD00482964 /* Project object */;
}
